# This file is automatically @generated by Cargo.
# It is not intended for manual editing.
version = 4

[[package]]
name = "akin"
version = "0.4.0"
source = "registry+https://github.com/rust-lang/crates.io-index"
checksum = "1763692fc1416554cf051efc56a3de5595eca47299d731cc5c2b583adf8b4d2f"

[[package]]
name = "setbits"
version = "0.1.0"
dependencies = [
 "akin",
]
